// !$*UTF8*$!
{
	archiveVersion = 1;
	classes = {
	};
	objectVersion = 46;
	objects = {

/* Begin PBXBuildFile section */
		C0D4B3AA3209CF598DD083A5 /* Pods_WhereYouAt.framework in Frameworks */ = {isa = PBXBuildFile; fileRef = D9E018EAB28201C2F3965ABD /* Pods_WhereYouAt.framework */; };
		F0CF5DFC1BD153C1000A2007 /* AppDelegate.swift in Sources */ = {isa = PBXBuildFile; fileRef = F0CF5DFB1BD153C1000A2007 /* AppDelegate.swift */; };
		F0CF5E011BD153C1000A2007 /* Main.storyboard in Resources */ = {isa = PBXBuildFile; fileRef = F0CF5DFF1BD153C1000A2007 /* Main.storyboard */; };
		F0CF5E031BD153C1000A2007 /* Assets.xcassets in Resources */ = {isa = PBXBuildFile; fileRef = F0CF5E021BD153C1000A2007 /* Assets.xcassets */; };
		F0CF5E061BD153C1000A2007 /* LaunchScreen.storyboard in Resources */ = {isa = PBXBuildFile; fileRef = F0CF5E041BD153C1000A2007 /* LaunchScreen.storyboard */; };
		F0CF5E111BD153C2000A2007 /* WhereYouAtTests.swift in Sources */ = {isa = PBXBuildFile; fileRef = F0CF5E101BD153C2000A2007 /* WhereYouAtTests.swift */; };
		F0CF5E1C1BD153C2000A2007 /* WhereYouAtUITests.swift in Sources */ = {isa = PBXBuildFile; fileRef = F0CF5E1B1BD153C2000A2007 /* WhereYouAtUITests.swift */; };
		F0CF5E2B1BD16B1F000A2007 /* ViewController.swift in Sources */ = {isa = PBXBuildFile; fileRef = F0CF5E2A1BD16B1F000A2007 /* ViewController.swift */; settings = {ASSET_TAGS = (); }; };
		F0CF5E2E1BD16CF1000A2007 /* Utilities.swift in Sources */ = {isa = PBXBuildFile; fileRef = F0CF5E2D1BD16CF1000A2007 /* Utilities.swift */; settings = {ASSET_TAGS = (); }; };
		F0CF5E321BD22B92000A2007 /* WhereYouAt.swift in Sources */ = {isa = PBXBuildFile; fileRef = F0CF5E311BD22B92000A2007 /* WhereYouAt.swift */; settings = {ASSET_TAGS = (); }; };
		F0CF5E341BD242F1000A2007 /* LogInController.swift in Sources */ = {isa = PBXBuildFile; fileRef = F0CF5E331BD242F1000A2007 /* LogInController.swift */; settings = {ASSET_TAGS = (); }; };
		F0CF5E381BD27937000A2007 /* FloatLabelTextField.swift in Sources */ = {isa = PBXBuildFile; fileRef = F0CF5E361BD27937000A2007 /* FloatLabelTextField.swift */; settings = {ASSET_TAGS = (); }; };
		F0CF5E391BD27937000A2007 /* FloatLabelTextView.swift in Sources */ = {isa = PBXBuildFile; fileRef = F0CF5E371BD27937000A2007 /* FloatLabelTextView.swift */; settings = {ASSET_TAGS = (); }; };
/* End PBXBuildFile section */

/* Begin PBXContainerItemProxy section */
		F0CF5E0D1BD153C2000A2007 /* PBXContainerItemProxy */ = {
			isa = PBXContainerItemProxy;
			containerPortal = F0CF5DF01BD153C1000A2007 /* Project object */;
			proxyType = 1;
			remoteGlobalIDString = F0CF5DF71BD153C1000A2007;
			remoteInfo = WhereYouAt;
		};
		F0CF5E181BD153C2000A2007 /* PBXContainerItemProxy */ = {
			isa = PBXContainerItemProxy;
			containerPortal = F0CF5DF01BD153C1000A2007 /* Project object */;
			proxyType = 1;
			remoteGlobalIDString = F0CF5DF71BD153C1000A2007;
			remoteInfo = WhereYouAt;
		};
/* End PBXContainerItemProxy section */

/* Begin PBXFileReference section */
		533AABA36E87CE86D814359C /* Pods-WhereYouAt.debug.xcconfig */ = {isa = PBXFileReference; includeInIndex = 1; lastKnownFileType = text.xcconfig; name = "Pods-WhereYouAt.debug.xcconfig"; path = "Pods/Target Support Files/Pods-WhereYouAt/Pods-WhereYouAt.debug.xcconfig"; sourceTree = "<group>"; };
		B1B385759C4A8AEA4BC72291 /* Pods-WhereYouAt.release.xcconfig */ = {isa = PBXFileReference; includeInIndex = 1; lastKnownFileType = text.xcconfig; name = "Pods-WhereYouAt.release.xcconfig"; path = "Pods/Target Support Files/Pods-WhereYouAt/Pods-WhereYouAt.release.xcconfig"; sourceTree = "<group>"; };
		D9E018EAB28201C2F3965ABD /* Pods_WhereYouAt.framework */ = {isa = PBXFileReference; explicitFileType = wrapper.framework; includeInIndex = 0; path = Pods_WhereYouAt.framework; sourceTree = BUILT_PRODUCTS_DIR; };
		F0CF5DF81BD153C1000A2007 /* WhereYouAt.app */ = {isa = PBXFileReference; explicitFileType = wrapper.application; includeInIndex = 0; path = WhereYouAt.app; sourceTree = BUILT_PRODUCTS_DIR; };
		F0CF5DFB1BD153C1000A2007 /* AppDelegate.swift */ = {isa = PBXFileReference; lastKnownFileType = sourcecode.swift; path = AppDelegate.swift; sourceTree = "<group>"; };
		F0CF5E001BD153C1000A2007 /* Base */ = {isa = PBXFileReference; lastKnownFileType = file.storyboard; name = Base; path = Base.lproj/Main.storyboard; sourceTree = "<group>"; };
		F0CF5E021BD153C1000A2007 /* Assets.xcassets */ = {isa = PBXFileReference; lastKnownFileType = folder.assetcatalog; path = Assets.xcassets; sourceTree = "<group>"; };
		F0CF5E051BD153C1000A2007 /* Base */ = {isa = PBXFileReference; lastKnownFileType = file.storyboard; name = Base; path = Base.lproj/LaunchScreen.storyboard; sourceTree = "<group>"; };
		F0CF5E071BD153C1000A2007 /* Info.plist */ = {isa = PBXFileReference; lastKnownFileType = text.plist.xml; path = Info.plist; sourceTree = "<group>"; };
		F0CF5E0C1BD153C2000A2007 /* WhereYouAtTests.xctest */ = {isa = PBXFileReference; explicitFileType = wrapper.cfbundle; includeInIndex = 0; path = WhereYouAtTests.xctest; sourceTree = BUILT_PRODUCTS_DIR; };
		F0CF5E101BD153C2000A2007 /* WhereYouAtTests.swift */ = {isa = PBXFileReference; lastKnownFileType = sourcecode.swift; path = WhereYouAtTests.swift; sourceTree = "<group>"; };
		F0CF5E121BD153C2000A2007 /* Info.plist */ = {isa = PBXFileReference; lastKnownFileType = text.plist.xml; path = Info.plist; sourceTree = "<group>"; };
		F0CF5E171BD153C2000A2007 /* WhereYouAtUITests.xctest */ = {isa = PBXFileReference; explicitFileType = wrapper.cfbundle; includeInIndex = 0; path = WhereYouAtUITests.xctest; sourceTree = BUILT_PRODUCTS_DIR; };
		F0CF5E1B1BD153C2000A2007 /* WhereYouAtUITests.swift */ = {isa = PBXFileReference; lastKnownFileType = sourcecode.swift; path = WhereYouAtUITests.swift; sourceTree = "<group>"; };
		F0CF5E1D1BD153C2000A2007 /* Info.plist */ = {isa = PBXFileReference; lastKnownFileType = text.plist.xml; path = Info.plist; sourceTree = "<group>"; };
		F0CF5E2A1BD16B1F000A2007 /* ViewController.swift */ = {isa = PBXFileReference; fileEncoding = 4; lastKnownFileType = sourcecode.swift; path = ViewController.swift; sourceTree = "<group>"; };
		F0CF5E2D1BD16CF1000A2007 /* Utilities.swift */ = {isa = PBXFileReference; fileEncoding = 4; lastKnownFileType = sourcecode.swift; path = Utilities.swift; sourceTree = "<group>"; };
		F0CF5E311BD22B92000A2007 /* WhereYouAt.swift */ = {isa = PBXFileReference; fileEncoding = 4; lastKnownFileType = sourcecode.swift; path = WhereYouAt.swift; sourceTree = "<group>"; };
		F0CF5E331BD242F1000A2007 /* LogInController.swift */ = {isa = PBXFileReference; fileEncoding = 4; lastKnownFileType = sourcecode.swift; path = LogInController.swift; sourceTree = "<group>"; };
		F0CF5E361BD27937000A2007 /* FloatLabelTextField.swift */ = {isa = PBXFileReference; fileEncoding = 4; lastKnownFileType = sourcecode.swift; path = FloatLabelTextField.swift; sourceTree = "<group>"; };
		F0CF5E371BD27937000A2007 /* FloatLabelTextView.swift */ = {isa = PBXFileReference; fileEncoding = 4; lastKnownFileType = sourcecode.swift; path = FloatLabelTextView.swift; sourceTree = "<group>"; };
/* End PBXFileReference section */

/* Begin PBXFrameworksBuildPhase section */
		F0CF5DF51BD153C1000A2007 /* Frameworks */ = {
			isa = PBXFrameworksBuildPhase;
			buildActionMask = 2147483647;
			files = (
				C0D4B3AA3209CF598DD083A5 /* Pods_WhereYouAt.framework in Frameworks */,
			);
			runOnlyForDeploymentPostprocessing = 0;
		};
		F0CF5E091BD153C2000A2007 /* Frameworks */ = {
			isa = PBXFrameworksBuildPhase;
			buildActionMask = 2147483647;
			files = (
			);
			runOnlyForDeploymentPostprocessing = 0;
		};
		F0CF5E141BD153C2000A2007 /* Frameworks */ = {
			isa = PBXFrameworksBuildPhase;
			buildActionMask = 2147483647;
			files = (
			);
			runOnlyForDeploymentPostprocessing = 0;
		};
/* End PBXFrameworksBuildPhase section */

/* Begin PBXGroup section */
		0976CA82358F89384884A48D /* Frameworks */ = {
			isa = PBXGroup;
			children = (
				D9E018EAB28201C2F3965ABD /* Pods_WhereYouAt.framework */,
			);
			name = Frameworks;
			sourceTree = "<group>";
		};
		72136EA7F9B45740D1B1D2D7 /* Pods */ = {
			isa = PBXGroup;
			children = (
				533AABA36E87CE86D814359C /* Pods-WhereYouAt.debug.xcconfig */,
				B1B385759C4A8AEA4BC72291 /* Pods-WhereYouAt.release.xcconfig */,
			);
			name = Pods;
			sourceTree = "<group>";
		};
		F0CF5DEF1BD153C1000A2007 = {
			isa = PBXGroup;
			children = (
				F0CF5DFA1BD153C1000A2007 /* WhereYouAt */,
				F0CF5E0F1BD153C2000A2007 /* WhereYouAtTests */,
				F0CF5E1A1BD153C2000A2007 /* WhereYouAtUITests */,
				F0CF5DF91BD153C1000A2007 /* Products */,
				72136EA7F9B45740D1B1D2D7 /* Pods */,
				0976CA82358F89384884A48D /* Frameworks */,
			);
			sourceTree = "<group>";
		};
		F0CF5DF91BD153C1000A2007 /* Products */ = {
			isa = PBXGroup;
			children = (
				F0CF5DF81BD153C1000A2007 /* WhereYouAt.app */,
				F0CF5E0C1BD153C2000A2007 /* WhereYouAtTests.xctest */,
				F0CF5E171BD153C2000A2007 /* WhereYouAtUITests.xctest */,
			);
			name = Products;
			sourceTree = "<group>";
		};
		F0CF5DFA1BD153C1000A2007 /* WhereYouAt */ = {
			isa = PBXGroup;
			children = (
				F0CF5E351BD27937000A2007 /* FloatingLabel */,
				F0CF5E291BD16B1F000A2007 /* Controllers */,
				F0CF5E2C1BD16CDE000A2007 /* Utilities */,
				F0CF5DFB1BD153C1000A2007 /* AppDelegate.swift */,
				F0CF5DFF1BD153C1000A2007 /* Main.storyboard */,
				F0CF5E021BD153C1000A2007 /* Assets.xcassets */,
				F0CF5E041BD153C1000A2007 /* LaunchScreen.storyboard */,
				F0CF5E071BD153C1000A2007 /* Info.plist */,
			);
			path = WhereYouAt;
			sourceTree = "<group>";
		};
		F0CF5E0F1BD153C2000A2007 /* WhereYouAtTests */ = {
			isa = PBXGroup;
			children = (
				F0CF5E101BD153C2000A2007 /* WhereYouAtTests.swift */,
				F0CF5E121BD153C2000A2007 /* Info.plist */,
			);
			path = WhereYouAtTests;
			sourceTree = "<group>";
		};
		F0CF5E1A1BD153C2000A2007 /* WhereYouAtUITests */ = {
			isa = PBXGroup;
			children = (
				F0CF5E1B1BD153C2000A2007 /* WhereYouAtUITests.swift */,
				F0CF5E1D1BD153C2000A2007 /* Info.plist */,
			);
			path = WhereYouAtUITests;
			sourceTree = "<group>";
		};
		F0CF5E291BD16B1F000A2007 /* Controllers */ = {
			isa = PBXGroup;
			children = (
				F0CF5E311BD22B92000A2007 /* WhereYouAt.swift */,
				F0CF5E2A1BD16B1F000A2007 /* ViewController.swift */,
				F0CF5E331BD242F1000A2007 /* LogInController.swift */,
			);
			path = Controllers;
			sourceTree = "<group>";
		};
		F0CF5E2C1BD16CDE000A2007 /* Utilities */ = {
			isa = PBXGroup;
			children = (
				F0CF5E2D1BD16CF1000A2007 /* Utilities.swift */,
			);
			path = Utilities;
			sourceTree = "<group>";
		};
		F0CF5E351BD27937000A2007 /* FloatingLabel */ = {
			isa = PBXGroup;
			children = (
				F0CF5E361BD27937000A2007 /* FloatLabelTextField.swift */,
				F0CF5E371BD27937000A2007 /* FloatLabelTextView.swift */,
			);
			path = FloatingLabel;
			sourceTree = "<group>";
		};
/* End PBXGroup section */

/* Begin PBXNativeTarget section */
		F0CF5DF71BD153C1000A2007 /* WhereYouAt */ = {
			isa = PBXNativeTarget;
			buildConfigurationList = F0CF5E201BD153C2000A2007 /* Build configuration list for PBXNativeTarget "WhereYouAt" */;
			buildPhases = (
				072A94B2334E1B881B0CDFBE /* Check Pods Manifest.lock */,
				F0CF5DF41BD153C1000A2007 /* Sources */,
				F0CF5DF51BD153C1000A2007 /* Frameworks */,
				F0CF5DF61BD153C1000A2007 /* Resources */,
				371B47A98F7139E075F72EC4 /* Embed Pods Frameworks */,
				13F286288A72CF886981577F /* Copy Pods Resources */,
			);
			buildRules = (
			);
			dependencies = (
			);
			name = WhereYouAt;
			productName = WhereYouAt;
			productReference = F0CF5DF81BD153C1000A2007 /* WhereYouAt.app */;
			productType = "com.apple.product-type.application";
		};
		F0CF5E0B1BD153C2000A2007 /* WhereYouAtTests */ = {
			isa = PBXNativeTarget;
			buildConfigurationList = F0CF5E231BD153C2000A2007 /* Build configuration list for PBXNativeTarget "WhereYouAtTests" */;
			buildPhases = (
				F0CF5E081BD153C2000A2007 /* Sources */,
				F0CF5E091BD153C2000A2007 /* Frameworks */,
				F0CF5E0A1BD153C2000A2007 /* Resources */,
			);
			buildRules = (
			);
			dependencies = (
				F0CF5E0E1BD153C2000A2007 /* PBXTargetDependency */,
			);
			name = WhereYouAtTests;
			productName = WhereYouAtTests;
			productReference = F0CF5E0C1BD153C2000A2007 /* WhereYouAtTests.xctest */;
			productType = "com.apple.product-type.bundle.unit-test";
		};
		F0CF5E161BD153C2000A2007 /* WhereYouAtUITests */ = {
			isa = PBXNativeTarget;
			buildConfigurationList = F0CF5E261BD153C2000A2007 /* Build configuration list for PBXNativeTarget "WhereYouAtUITests" */;
			buildPhases = (
				F0CF5E131BD153C2000A2007 /* Sources */,
				F0CF5E141BD153C2000A2007 /* Frameworks */,
				F0CF5E151BD153C2000A2007 /* Resources */,
			);
			buildRules = (
			);
			dependencies = (
				F0CF5E191BD153C2000A2007 /* PBXTargetDependency */,
			);
			name = WhereYouAtUITests;
			productName = WhereYouAtUITests;
			productReference = F0CF5E171BD153C2000A2007 /* WhereYouAtUITests.xctest */;
			productType = "com.apple.product-type.bundle.ui-testing";
		};
/* End PBXNativeTarget section */

/* Begin PBXProject section */
		F0CF5DF01BD153C1000A2007 /* Project object */ = {
			isa = PBXProject;
			attributes = {
				LastUpgradeCheck = 0700;
				ORGANIZATIONNAME = iranjith4;
				TargetAttributes = {
					F0CF5DF71BD153C1000A2007 = {
						CreatedOnToolsVersion = 7.0.1;
					};
					F0CF5E0B1BD153C2000A2007 = {
						CreatedOnToolsVersion = 7.0.1;
						TestTargetID = F0CF5DF71BD153C1000A2007;
					};
					F0CF5E161BD153C2000A2007 = {
						CreatedOnToolsVersion = 7.0.1;
						TestTargetID = F0CF5DF71BD153C1000A2007;
					};
				};
			};
			buildConfigurationList = F0CF5DF31BD153C1000A2007 /* Build configuration list for PBXProject "WhereYouAt" */;
			compatibilityVersion = "Xcode 3.2";
			developmentRegion = English;
			hasScannedForEncodings = 0;
			knownRegions = (
				en,
				Base,
			);
			mainGroup = F0CF5DEF1BD153C1000A2007;
			productRefGroup = F0CF5DF91BD153C1000A2007 /* Products */;
			projectDirPath = "";
			projectRoot = "";
			targets = (
				F0CF5DF71BD153C1000A2007 /* WhereYouAt */,
				F0CF5E0B1BD153C2000A2007 /* WhereYouAtTests */,
				F0CF5E161BD153C2000A2007 /* WhereYouAtUITests */,
			);
		};
/* End PBXProject section */

/* Begin PBXResourcesBuildPhase section */
		F0CF5DF61BD153C1000A2007 /* Resources */ = {
			isa = PBXResourcesBuildPhase;
			buildActionMask = 2147483647;
			files = (
				F0CF5E061BD153C1000A2007 /* LaunchScreen.storyboard in Resources */,
				F0CF5E031BD153C1000A2007 /* Assets.xcassets in Resources */,
				F0CF5E011BD153C1000A2007 /* Main.storyboard in Resources */,
			);
			runOnlyForDeploymentPostprocessing = 0;
		};
		F0CF5E0A1BD153C2000A2007 /* Resources */ = {
			isa = PBXResourcesBuildPhase;
			buildActionMask = 2147483647;
			files = (
			);
			runOnlyForDeploymentPostprocessing = 0;
		};
		F0CF5E151BD153C2000A2007 /* Resources */ = {
			isa = PBXResourcesBuildPhase;
			buildActionMask = 2147483647;
			files = (
			);
			runOnlyForDeploymentPostprocessing = 0;
		};
/* End PBXResourcesBuildPhase section */

/* Begin PBXShellScriptBuildPhase section */
		072A94B2334E1B881B0CDFBE /* Check Pods Manifest.lock */ = {
			isa = PBXShellScriptBuildPhase;
			buildActionMask = 2147483647;
			files = (
			);
			inputPaths = (
			);
			name = "Check Pods Manifest.lock";
			outputPaths = (
			);
			runOnlyForDeploymentPostprocessing = 0;
			shellPath = /bin/sh;
			shellScript = "diff \"${PODS_ROOT}/../Podfile.lock\" \"${PODS_ROOT}/Manifest.lock\" > /dev/null\nif [[ $? != 0 ]] ; then\n    cat << EOM\nerror: The sandbox is not in sync with the Podfile.lock. Run 'pod install' or update your CocoaPods installation.\nEOM\n    exit 1\nfi\n";
			showEnvVarsInLog = 0;
		};
		13F286288A72CF886981577F /* Copy Pods Resources */ = {
			isa = PBXShellScriptBuildPhase;
			buildActionMask = 2147483647;
			files = (
			);
			inputPaths = (
			);
			name = "Copy Pods Resources";
			outputPaths = (
			);
			runOnlyForDeploymentPostprocessing = 0;
			shellPath = /bin/sh;
			shellScript = "\"${SRCROOT}/Pods/Target Support Files/Pods-WhereYouAt/Pods-WhereYouAt-resources.sh\"\n";
			showEnvVarsInLog = 0;
		};
		371B47A98F7139E075F72EC4 /* Embed Pods Frameworks */ = {
			isa = PBXShellScriptBuildPhase;
			buildActionMask = 2147483647;
			files = (
			);
			inputPaths = (
			);
			name = "Embed Pods Frameworks";
			outputPaths = (
			);
			runOnlyForDeploymentPostprocessing = 0;
			shellPath = /bin/sh;
			shellScript = "\"${SRCROOT}/Pods/Target Support Files/Pods-WhereYouAt/Pods-WhereYouAt-frameworks.sh\"\n";
			showEnvVarsInLog = 0;
		};
/* End PBXShellScriptBuildPhase section */

/* Begin PBXSourcesBuildPhase section */
		F0CF5DF41BD153C1000A2007 /* Sources */ = {
			isa = PBXSourcesBuildPhase;
			buildActionMask = 2147483647;
			files = (
				F0CF5E321BD22B92000A2007 /* WhereYouAt.swift in Sources */,
				F0CF5E391BD27937000A2007 /* FloatLabelTextView.swift in Sources */,
				F0CF5E2E1BD16CF1000A2007 /* Utilities.swift in Sources */,
				F0CF5E341BD242F1000A2007 /* LogInController.swift in Sources */,
				F0CF5E381BD27937000A2007 /* FloatLabelTextField.swift in Sources */,
				F0CF5E2B1BD16B1F000A2007 /* ViewController.swift in Sources */,
				F0CF5DFC1BD153C1000A2007 /* AppDelegate.swift in Sources */,
			);
			runOnlyForDeploymentPostprocessing = 0;
		};
		F0CF5E081BD153C2000A2007 /* Sources */ = {
			isa = PBXSourcesBuildPhase;
			buildActionMask = 2147483647;
			files = (
				F0CF5E111BD153C2000A2007 /* WhereYouAtTests.swift in Sources */,
			);
			runOnlyForDeploymentPostprocessing = 0;
		};
		F0CF5E131BD153C2000A2007 /* Sources */ = {
			isa = PBXSourcesBuildPhase;
			buildActionMask = 2147483647;
			files = (
				F0CF5E1C1BD153C2000A2007 /* WhereYouAtUITests.swift in Sources */,
			);
			runOnlyForDeploymentPostprocessing = 0;
		};
/* End PBXSourcesBuildPhase section */

/* Begin PBXTargetDependency section */
		F0CF5E0E1BD153C2000A2007 /* PBXTargetDependency */ = {
			isa = PBXTargetDependency;
			target = F0CF5DF71BD153C1000A2007 /* WhereYouAt */;
			targetProxy = F0CF5E0D1BD153C2000A2007 /* PBXContainerItemProxy */;
		};
		F0CF5E191BD153C2000A2007 /* PBXTargetDependency */ = {
			isa = PBXTargetDependency;
			target = F0CF5DF71BD153C1000A2007 /* WhereYouAt */;
			targetProxy = F0CF5E181BD153C2000A2007 /* PBXContainerItemProxy */;
		};
/* End PBXTargetDependency section */

/* Begin PBXVariantGroup section */
		F0CF5DFF1BD153C1000A2007 /* Main.storyboard */ = {
			isa = PBXVariantGroup;
			children = (
				F0CF5E001BD153C1000A2007 /* Base */,
			);
			name = Main.storyboard;
			sourceTree = "<group>";
		};
		F0CF5E041BD153C1000A2007 /* LaunchScreen.storyboard */ = {
			isa = PBXVariantGroup;
			children = (
				F0CF5E051BD153C1000A2007 /* Base */,
			);
			name = LaunchScreen.storyboard;
			sourceTree = "<group>";
		};
/* End PBXVariantGroup section */

/* Begin XCBuildConfiguration section */
		F0CF5E1E1BD153C2000A2007 /* Debug */ = {
			isa = XCBuildConfiguration;
			buildSettings = {
				ALWAYS_SEARCH_USER_PATHS = NO;
				CLANG_CXX_LANGUAGE_STANDARD = "gnu++0x";
				CLANG_CXX_LIBRARY = "libc++";
				CLANG_ENABLE_MODULES = YES;
				CLANG_ENABLE_OBJC_ARC = YES;
				CLANG_WARN_BOOL_CONVERSION = YES;
				CLANG_WARN_CONSTANT_CONVERSION = YES;
				CLANG_WARN_DIRECT_OBJC_ISA_USAGE = YES_ERROR;
				CLANG_WARN_EMPTY_BODY = YES;
				CLANG_WARN_ENUM_CONVERSION = YES;
				CLANG_WARN_INT_CONVERSION = YES;
				CLANG_WARN_OBJC_ROOT_CLASS = YES_ERROR;
				CLANG_WARN_UNREACHABLE_CODE = YES;
				CLANG_WARN__DUPLICATE_METHOD_MATCH = YES;
				"CODE_SIGN_IDENTITY[sdk=iphoneos*]" = "iPhone Developer";
				COPY_PHASE_STRIP = NO;
				DEBUG_INFORMATION_FORMAT = dwarf;
				ENABLE_STRICT_OBJC_MSGSEND = YES;
				ENABLE_TESTABILITY = YES;
				GCC_C_LANGUAGE_STANDARD = gnu99;
				GCC_DYNAMIC_NO_PIC = NO;
				GCC_NO_COMMON_BLOCKS = YES;
				GCC_OPTIMIZATION_LEVEL = 0;
				GCC_PREPROCESSOR_DEFINITIONS = (
					"DEBUG=1",
					"$(inherited)",
				);
				GCC_WARN_64_TO_32_BIT_CONVERSION = YES;
				GCC_WARN_ABOUT_RETURN_TYPE = YES_ERROR;
				GCC_WARN_UNDECLARED_SELECTOR = YES;
				GCC_WARN_UNINITIALIZED_AUTOS = YES_AGGRESSIVE;
				GCC_WARN_UNUSED_FUNCTION = YES;
				GCC_WARN_UNUSED_VARIABLE = YES;
				IPHONEOS_DEPLOYMENT_TARGET = 9.0;
				MTL_ENABLE_DEBUG_INFO = YES;
				ONLY_ACTIVE_ARCH = YES;
				SDKROOT = iphoneos;
				SWIFT_OPTIMIZATION_LEVEL = "-Onone";
				TARGETED_DEVICE_FAMILY = "1,2";
			};
			name = Debug;
		};
		F0CF5E1F1BD153C2000A2007 /* Release */ = {
			isa = XCBuildConfiguration;
			buildSettings = {
				ALWAYS_SEARCH_USER_PATHS = NO;
				CLANG_CXX_LANGUAGE_STANDARD = "gnu++0x";
				CLANG_CXX_LIBRARY = "libc++";
				CLANG_ENABLE_MODULES = YES;
				CLANG_ENABLE_OBJC_ARC = YES;
				CLANG_WARN_BOOL_CONVERSION = YES;
				CLANG_WARN_CONSTANT_CONVERSION = YES;
				CLANG_WARN_DIRECT_OBJC_ISA_USAGE = YES_ERROR;
				CLANG_WARN_EMPTY_BODY = YES;
				CLANG_WARN_ENUM_CONVERSION = YES;
				CLANG_WARN_INT_CONVERSION = YES;
				CLANG_WARN_OBJC_ROOT_CLASS = YES_ERROR;
				CLANG_WARN_UNREACHABLE_CODE = YES;
				CLANG_WARN__DUPLICATE_METHOD_MATCH = YES;
				"CODE_SIGN_IDENTITY[sdk=iphoneos*]" = "iPhone Developer";
				COPY_PHASE_STRIP = NO;
				DEBUG_INFORMATION_FORMAT = "dwarf-with-dsym";
				ENABLE_NS_ASSERTIONS = NO;
				ENABLE_STRICT_OBJC_MSGSEND = YES;
				GCC_C_LANGUAGE_STANDARD = gnu99;
				GCC_NO_COMMON_BLOCKS = YES;
				GCC_WARN_64_TO_32_BIT_CONVERSION = YES;
				GCC_WARN_ABOUT_RETURN_TYPE = YES_ERROR;
				GCC_WARN_UNDECLARED_SELECTOR = YES;
				GCC_WARN_UNINITIALIZED_AUTOS = YES_AGGRESSIVE;
				GCC_WARN_UNUSED_FUNCTION = YES;
				GCC_WARN_UNUSED_VARIABLE = YES;
				IPHONEOS_DEPLOYMENT_TARGET = 9.0;
				MTL_ENABLE_DEBUG_INFO = NO;
				SDKROOT = iphoneos;
				TARGETED_DEVICE_FAMILY = "1,2";
				VALIDATE_PRODUCT = YES;
			};
			name = Release;
		};
		F0CF5E211BD153C2000A2007 /* Debug */ = {
			isa = XCBuildConfiguration;
			baseConfigurationReference = 533AABA36E87CE86D814359C /* Pods-WhereYouAt.debug.xcconfig */;
			buildSettings = {
				ASSETCATALOG_COMPILER_APPICON_NAME = AppIcon;
				INFOPLIST_FILE = WhereYouAt/Info.plist;
				LD_RUNPATH_SEARCH_PATHS = "$(inherited) @executable_path/Frameworks";
				PRODUCT_BUNDLE_IDENTIFIER = iranjith4.WhereYouAt;
				PRODUCT_NAME = "$(TARGET_NAME)";
			};
			name = Debug;
		};
		F0CF5E221BD153C2000A2007 /* Release */ = {
			isa = XCBuildConfiguration;
			baseConfigurationReference = B1B385759C4A8AEA4BC72291 /* Pods-WhereYouAt.release.xcconfig */;
			buildSettings = {
				ASSETCATALOG_COMPILER_APPICON_NAME = AppIcon;
				INFOPLIST_FILE = WhereYouAt/Info.plist;
				LD_RUNPATH_SEARCH_PATHS = "$(inherited) @executable_path/Frameworks";
				PRODUCT_BUNDLE_IDENTIFIER = iranjith4.WhereYouAt;
				PRODUCT_NAME = "$(TARGET_NAME)";
			};
			name = Release;
		};
		F0CF5E241BD153C2000A2007 /* Debug */ = {
			isa = XCBuildConfiguration;
			buildSettings = {
				BUNDLE_LOADER = "$(TEST_HOST)";
				INFOPLIST_FILE = WhereYouAtTests/Info.plist;
				LD_RUNPATH_SEARCH_PATHS = "$(inherited) @executable_path/Frameworks @loader_path/Frameworks";
				PRODUCT_BUNDLE_IDENTIFIER = iranjith4.WhereYouAtTests;
				PRODUCT_NAME = "$(TARGET_NAME)";
				TEST_HOST = "$(BUILT_PRODUCTS_DIR)/WhereYouAt.app/WhereYouAt";
			};
			name = Debug;
		};
		F0CF5E251BD153C2000A2007 /* Release */ = {
			isa = XCBuildConfiguration;
			buildSettings = {
				BUNDLE_LOADER = "$(TEST_HOST)";
				INFOPLIST_FILE = WhereYouAtTests/Info.plist;
				LD_RUNPATH_SEARCH_PATHS = "$(inherited) @executable_path/Frameworks @loader_path/Frameworks";
				PRODUCT_BUNDLE_IDENTIFIER = iranjith4.WhereYouAtTests;
				PRODUCT_NAME = "$(TARGET_NAME)";
				TEST_HOST = "$(BUILT_PRODUCTS_DIR)/WhereYouAt.app/WhereYouAt";
			};
			name = Release;
		};
		F0CF5E271BD153C2000A2007 /* Debug */ = {
			isa = XCBuildConfiguration;
			buildSettings = {
				INFOPLIST_FILE = WhereYouAtUITests/Info.plist;
				LD_RUNPATH_SEARCH_PATHS = "$(inherited) @executable_path/Frameworks @loader_path/Frameworks";
				PRODUCT_BUNDLE_IDENTIFIER = iranjith4.WhereYouAtUITests;
				PRODUCT_NAME = "$(TARGET_NAME)";
				TEST_TARGET_NAME = WhereYouAt;
				USES_XCTRUNNER = YES;
			};
			name = Debug;
		};
		F0CF5E281BD153C2000A2007 /* Release */ = {
			isa = XCBuildConfiguration;
			buildSettings = {
				INFOPLIST_FILE = WhereYouAtUITests/Info.plist;
				LD_RUNPATH_SEARCH_PATHS = "$(inherited) @executable_path/Frameworks @loader_path/Frameworks";
				PRODUCT_BUNDLE_IDENTIFIER = iranjith4.WhereYouAtUITests;
				PRODUCT_NAME = "$(TARGET_NAME)";
				TEST_TARGET_NAME = WhereYouAt;
				USES_XCTRUNNER = YES;
			};
			name = Release;
		};
/* End XCBuildConfiguration section */

/* Begin XCConfigurationList section */
		F0CF5DF31BD153C1000A2007 /* Build configuration list for PBXProject "WhereYouAt" */ = {
			isa = XCConfigurationList;
			buildConfigurations = (
				F0CF5E1E1BD153C2000A2007 /* Debug */,
				F0CF5E1F1BD153C2000A2007 /* Release */,
			);
			defaultConfigurationIsVisible = 0;
			defaultConfigurationName = Release;
		};
		F0CF5E201BD153C2000A2007 /* Build configuration list for PBXNativeTarget "WhereYouAt" */ = {
			isa = XCConfigurationList;
			buildConfigurations = (
				F0CF5E211BD153C2000A2007 /* Debug */,
				F0CF5E221BD153C2000A2007 /* Release */,
			);
			defaultConfigurationIsVisible = 0;
			defaultConfigurationName = Release;
		};
		F0CF5E231BD153C2000A2007 /* Build configuration list for PBXNativeTarget "WhereYouAtTests" */ = {
			isa = XCConfigurationList;
			buildConfigurations = (
				F0CF5E241BD153C2000A2007 /* Debug */,
				F0CF5E251BD153C2000A2007 /* Release */,
			);
			defaultConfigurationIsVisible = 0;
			defaultConfigurationName = Release;
		};
		F0CF5E261BD153C2000A2007 /* Build configuration list for PBXNativeTarget "WhereYouAtUITests" */ = {
			isa = XCConfigurationList;
			buildConfigurations = (
				F0CF5E271BD153C2000A2007 /* Debug */,
				F0CF5E281BD153C2000A2007 /* Release */,
			);
			defaultConfigurationIsVisible = 0;
			defaultConfigurationName = Release;
		};
/* End XCConfigurationList section */
	};
	rootObject = F0CF5DF01BD153C1000A2007 /* Project object */;
}
